
Microsoft Visual Studio Solution File, Format Version 12.00
# Visual Studio 14
VisualStudioVersion = 14.0.25420.1
MinimumVisualStudioVersion = 10.0.40219.1
Project("{FAE04EC0-301F-11D3-BF4B-00C04F79EFBC}") = "13_05_18_InventorySystem2", "13_05_18_InventorySystem2\13_05_18_InventorySystem2.csproj", "{824C864F-2E20-4559-A7FB-AD9082A88262}"
EndProject
Global
	GlobalSection(SolutionConfigurationPlatforms) = preSolution
		Debug|Any CPU = Debug|Any CPU
		Release|Any CPU = Release|Any CPU
	EndGlobalSection
	GlobalSection(ProjectConfigurationPlatforms) = postSolution
		{824C864F-2E20-4559-A7FB-AD9082A88262}.Debug|Any CPU.ActiveCfg = Debug|Any CPU
		{824C864F-2E20-4559-A7FB-AD9082A88262}.Debug|Any CPU.Build.0 = Debug|Any CPU
		{824C864F-2E20-4559-A7FB-AD9082A88262}.Release|Any CPU.ActiveCfg = Release|Any CPU
		{824C864F-2E20-4559-A7FB-AD9082A88262}.Release|Any CPU.Build.0 = Release|Any CPU
	EndGlobalSection
	GlobalSection(SolutionProperties) = preSolution
		HideSolutionNode = FALSE
	EndGlobalSection
EndGlobal
